
Microsoft Visual Studio Solution File, Format Version 12.00
# Visual Studio Version 17
VisualStudioVersion = 17.0.31903.59
MinimumVisualStudioVersion = 10.0.40219.1
Project("{FAE04EC0-301F-11D3-BF4B-00C04F79EFBC}") = "GestionCircle", "GestionCircle\GestionCircle.csproj", "{46177A79-919F-4466-8FCB-A31165E0D803}"
EndProject
Project("{FAE04EC0-301F-11D3-BF4B-00C04F79EFBC}") = "TestGestionCircle", "TestGestionCircle\TestGestionCircle.csproj", "{151AC9B2-0241-4F90-9656-287CA8EA8D1B}"
EndProject
Global
	GlobalSection(SolutionConfigurationPlatforms) = preSolution
		Debug|Any CPU = Debug|Any CPU
		Release|Any CPU = Release|Any CPU
	EndGlobalSection
	GlobalSection(SolutionProperties) = preSolution
		HideSolutionNode = FALSE
	EndGlobalSection
	GlobalSection(ProjectConfigurationPlatforms) = postSolution
		{46177A79-919F-4466-8FCB-A31165E0D803}.Debug|Any CPU.ActiveCfg = Debug|Any CPU
		{46177A79-919F-4466-8FCB-A31165E0D803}.Debug|Any CPU.Build.0 = Debug|Any CPU
		{46177A79-919F-4466-8FCB-A31165E0D803}.Release|Any CPU.ActiveCfg = Release|Any CPU
		{46177A79-919F-4466-8FCB-A31165E0D803}.Release|Any CPU.Build.0 = Release|Any CPU
		{151AC9B2-0241-4F90-9656-287CA8EA8D1B}.Debug|Any CPU.ActiveCfg = Debug|Any CPU
		{151AC9B2-0241-4F90-9656-287CA8EA8D1B}.Debug|Any CPU.Build.0 = Debug|Any CPU
		{151AC9B2-0241-4F90-9656-287CA8EA8D1B}.Release|Any CPU.ActiveCfg = Release|Any CPU
		{151AC9B2-0241-4F90-9656-287CA8EA8D1B}.Release|Any CPU.Build.0 = Release|Any CPU
	EndGlobalSection
EndGlobal
